Microsoft Visual Studio Solution File, Format Version 12.00
# Visual Studio Version 17
VisualStudioVersion = 17.5.2.0
MinimumVisualStudioVersion = 10.0.40219.1
Project("{FAE04EC0-301F-11D3-BF4B-00C04F79EFBC}") = "HospitalAppointmentSystem", "HospitalAppointmentSystem.csproj", "{B49FB001-F4E3-C72B-580A-E217CCA13CBE}"
EndProject
Global
	GlobalSection(SolutionConfigurationPlatforms) = preSolution
		Debug|Any CPU = Debug|Any CPU
		Release|Any CPU = Release|Any CPU
	EndGlobalSection
	GlobalSection(ProjectConfigurationPlatforms) = postSolution
		{B49FB001-F4E3-C72B-580A-E217CCA13CBE}.Debug|Any CPU.ActiveCfg = Debug|Any CPU
		{B49FB001-F4E3-C72B-580A-E217CCA13CBE}.Debug|Any CPU.Build.0 = Debug|Any CPU
		{B49FB001-F4E3-C72B-580A-E217CCA13CBE}.Release|Any CPU.ActiveCfg = Release|Any CPU
		{B49FB001-F4E3-C72B-580A-E217CCA13CBE}.Release|Any CPU.Build.0 = Release|Any CPU
	EndGlobalSection
	GlobalSection(SolutionProperties) = preSolution
		HideSolutionNode = FALSE
	EndGlobalSection
	GlobalSection(ExtensibilityGlobals) = postSolution
		SolutionGuid = {2407F0FB-C744-4CFD-AC63-BEB531492BB0}
	EndGlobalSection
EndGlobal
